
Microsoft Visual Studio Solution File, Format Version 12.00
# Visual Studio Version 16
VisualStudioVersion = 16.0.31702.278
MinimumVisualStudioVersion = 10.0.40219.1
Project("{888888A0-9F3D-457C-B088-3A5042F75D52}") = "PyTest4", "PyTest4\PyTest4.pyproj", "{47390E77-9DF0-4784-B40A-07F9ACA41229}"
EndProject
Global
	GlobalSection(SolutionConfigurationPlatforms) = preSolution
		Debug|Any CPU = Debug|Any CPU
		Release|Any CPU = Release|Any CPU
	EndGlobalSection
	GlobalSection(ProjectConfigurationPlatforms) = postSolution
		{47390E77-9DF0-4784-B40A-07F9ACA41229}.Debug|Any CPU.ActiveCfg = Debug|Any CPU
		{47390E77-9DF0-4784-B40A-07F9ACA41229}.Release|Any CPU.ActiveCfg = Release|Any CPU
	EndGlobalSection
	GlobalSection(SolutionProperties) = preSolution
		HideSolutionNode = FALSE
	EndGlobalSection
	GlobalSection(ExtensibilityGlobals) = postSolution
		SolutionGuid = {851BEDCE-A0CC-44D7-9526-4768EBA98486}
	EndGlobalSection
EndGlobal
